
Microsoft Visual Studio Solution File, Format Version 12.00
# Visual Studio Version 16
VisualStudioVersion = 16.0.31424.327
MinimumVisualStudioVersion = 10.0.40219.1
Project("{FAE04EC0-301F-11D3-BF4B-00C04F79EFBC}") = "RelativePathLogger", "RelativePathLogger.csproj", "{2DF17773-2F26-4213-9142-64928D19DECA}"
EndProject
Project("{2150E333-8FDC-42A3-9474-1A3956D46DE8}") = "Solution Items", "Solution Items", "{0AE12246-83EE-4F2B-ABD0-084016574B81}"
	ProjectSection(SolutionItems) = preProject
		.gitignore = .gitignore
		LICENSE = LICENSE
		README.md = README.md
	EndProjectSection
EndProject
Global
	GlobalSection(SolutionConfigurationPlatforms) = preSolution
		Debug|Any CPU = Debug|Any CPU
		Release|Any CPU = Release|Any CPU
	EndGlobalSection
	GlobalSection(ProjectConfigurationPlatforms) = postSolution
		{2DF17773-2F26-4213-9142-64928D19DECA}.Debug|Any CPU.ActiveCfg = Debug|Any CPU
		{2DF17773-2F26-4213-9142-64928D19DECA}.Debug|Any CPU.Build.0 = Debug|Any CPU
		{2DF17773-2F26-4213-9142-64928D19DECA}.Release|Any CPU.ActiveCfg = Release|Any CPU
		{2DF17773-2F26-4213-9142-64928D19DECA}.Release|Any CPU.Build.0 = Release|Any CPU
	EndGlobalSection
	GlobalSection(SolutionProperties) = preSolution
		HideSolutionNode = FALSE
	EndGlobalSection
	GlobalSection(ExtensibilityGlobals) = postSolution
		SolutionGuid = {C18B79C4-CA90-49B8-876E-D3B6DC8613A3}
	EndGlobalSection
EndGlobal
